// !$*UTF8*$!
{
	archiveVersion = 1;
	classes = {
	};
	objectVersion = 46;
	objects = {

/* Begin PBXBuildFile section */
		C6A813101E7274EE00C643D8 /* main.m in Sources */ = {isa = PBXBuildFile; fileRef = C6A8130F1E7274EE00C643D8 /* main.m */; };
		C6A813131E7274EE00C643D8 /* AppDelegate.m in Sources */ = {isa = PBXBuildFile; fileRef = C6A813121E7274EE00C643D8 /* AppDelegate.m */; };
		C6A813161E7274EE00C643D8 /* ViewController.m in Sources */ = {isa = PBXBuildFile; fileRef = C6A813151E7274EE00C643D8 /* ViewController.m */; };
		C6A813191E7274EE00C643D8 /* Main.storyboard in Resources */ = {isa = PBXBuildFile; fileRef = C6A813171E7274EE00C643D8 /* Main.storyboard */; };
		C6A8131B1E7274EE00C643D8 /* Assets.xcassets in Resources */ = {isa = PBXBuildFile; fileRef = C6A8131A1E7274EE00C643D8 /* Assets.xcassets */; };
		C6A8131E1E7274EE00C643D8 /* LaunchScreen.storyboard in Resources */ = {isa = PBXBuildFile; fileRef = C6A8131C1E7274EE00C643D8 /* LaunchScreen.storyboard */; };
		C6A813271E72750E00C643D8 /* HYView.m in Sources */ = {isa = PBXBuildFile; fileRef = C6A813261E72750E00C643D8 /* HYView.m */; };
		C6A8134E1E72AF3500C643D8 /* GGSS.m in Sources */ = {isa = PBXBuildFile; fileRef = C6A8134D1E72AF3500C643D8 /* GGSS.m */; };
		C6A813B21E7630E500C643D8 /* TTTT.m in Sources */ = {isa = PBXBuildFile; fileRef = C6A813B11E7630E500C643D8 /* TTTT.m */; };
/* End PBXBuildFile section */

/* Begin PBXFileReference section */
		C6A8130B1E7274EE00C643D8 /* PodRpoTest.app */ = {isa = PBXFileReference; explicitFileType = wrapper.application; includeInIndex = 0; path = PodRpoTest.app; sourceTree = BUILT_PRODUCTS_DIR; };
		C6A8130F1E7274EE00C643D8 /* main.m */ = {isa = PBXFileReference; lastKnownFileType = sourcecode.c.objc; path = main.m; sourceTree = "<group>"; };
		C6A813111E7274EE00C643D8 /* AppDelegate.h */ = {isa = PBXFileReference; lastKnownFileType = sourcecode.c.h; path = AppDelegate.h; sourceTree = "<group>"; };
		C6A813121E7274EE00C643D8 /* AppDelegate.m */ = {isa = PBXFileReference; lastKnownFileType = sourcecode.c.objc; path = AppDelegate.m; sourceTree = "<group>"; };
		C6A813141E7274EE00C643D8 /* ViewController.h */ = {isa = PBXFileReference; lastKnownFileType = sourcecode.c.h; path = ViewController.h; sourceTree = "<group>"; };
		C6A813151E7274EE00C643D8 /* ViewController.m */ = {isa = PBXFileReference; lastKnownFileType = sourcecode.c.objc; path = ViewController.m; sourceTree = "<group>"; };
		C6A813181E7274EE00C643D8 /* Base */ = {isa = PBXFileReference; lastKnownFileType = file.storyboard; name = Base; path = Base.lproj/Main.storyboard; sourceTree = "<group>"; };
		C6A8131A1E7274EE00C643D8 /* Assets.xcassets */ = {isa = PBXFileReference; lastKnownFileType = folder.assetcatalog; path = Assets.xcassets; sourceTree = "<group>"; };
		C6A8131D1E7274EE00C643D8 /* Base */ = {isa = PBXFileReference; lastKnownFileType = file.storyboard; name = Base; path = Base.lproj/LaunchScreen.storyboard; sourceTree = "<group>"; };
		C6A8131F1E7274EE00C643D8 /* Info.plist */ = {isa = PBXFileReference; lastKnownFileType = text.plist.xml; path = Info.plist; sourceTree = "<group>"; };
		C6A813251E72750E00C643D8 /* HYView.h */ = {isa = PBXFileReference; fileEncoding = 4; lastKnownFileType = sourcecode.c.h; path = HYView.h; sourceTree = "<group>"; };
		C6A813261E72750E00C643D8 /* HYView.m */ = {isa = PBXFileReference; fileEncoding = 4; lastKnownFileType = sourcecode.c.objc; path = HYView.m; sourceTree = "<group>"; };
		C6A8134C1E72AF3500C643D8 /* GGSS.h */ = {isa = PBXFileReference; fileEncoding = 4; lastKnownFileType = sourcecode.c.h; path = GGSS.h; sourceTree = "<group>"; };
		C6A8134D1E72AF3500C643D8 /* GGSS.m */ = {isa = PBXFileReference; fileEncoding = 4; lastKnownFileType = sourcecode.c.objc; path = GGSS.m; sourceTree = "<group>"; };
		C6A813B01E7630E500C643D8 /* TTTT.h */ = {isa = PBXFileReference; fileEncoding = 4; lastKnownFileType = sourcecode.c.h; path = TTTT.h; sourceTree = "<group>"; };
		C6A813B11E7630E500C643D8 /* TTTT.m */ = {isa = PBXFileReference; fileEncoding = 4; lastKnownFileType = sourcecode.c.objc; path = TTTT.m; sourceTree = "<group>"; };
/* End PBXFileReference section */

/* Begin PBXFrameworksBuildPhase section */
		C6A813081E7274EE00C643D8 /* Frameworks */ = {
			isa = PBXFrameworksBuildPhase;
			buildActionMask = 2147483647;
			files = (
			);
			runOnlyForDeploymentPostprocessing = 0;
		};
/* End PBXFrameworksBuildPhase section */

/* Begin PBXGroup section */
		C6A813021E7274EE00C643D8 = {
			isa = PBXGroup;
			children = (
				C6A813AF1E7630DC00C643D8 /* Test */,
				C6A8130D1E7274EE00C643D8 /* PodRpoTest */,
				C6A8130C1E7274EE00C643D8 /* Products */,
			);
			sourceTree = "<group>";
		};
		C6A8130C1E7274EE00C643D8 /* Products */ = {
			isa = PBXGroup;
			children = (
				C6A8130B1E7274EE00C643D8 /* PodRpoTest.app */,
			);
			name = Products;
			sourceTree = "<group>";
		};
		C6A8130D1E7274EE00C643D8 /* PodRpoTest */ = {
			isa = PBXGroup;
			children = (
				C6A813111E7274EE00C643D8 /* AppDelegate.h */,
				C6A813121E7274EE00C643D8 /* AppDelegate.m */,
				C6A813141E7274EE00C643D8 /* ViewController.h */,
				C6A813151E7274EE00C643D8 /* ViewController.m */,
				C6A8134B1E72AF2A00C643D8 /* RepoFile */,
				C6A813251E72750E00C643D8 /* HYView.h */,
				C6A813261E72750E00C643D8 /* HYView.m */,
				C6A813171E7274EE00C643D8 /* Main.storyboard */,
				C6A8131A1E7274EE00C643D8 /* Assets.xcassets */,
				C6A8131C1E7274EE00C643D8 /* LaunchScreen.storyboard */,
				C6A8131F1E7274EE00C643D8 /* Info.plist */,
				C6A8130E1E7274EE00C643D8 /* Supporting Files */,
			);
			path = PodRpoTest;
			sourceTree = "<group>";
		};
		C6A8130E1E7274EE00C643D8 /* Supporting Files */ = {
			isa = PBXGroup;
			children = (
				C6A8130F1E7274EE00C643D8 /* main.m */,
			);
			name = "Supporting Files";
			sourceTree = "<group>";
		};
		C6A8134B1E72AF2A00C643D8 /* RepoFile */ = {
			isa = PBXGroup;
			children = (
				C6A8134C1E72AF3500C643D8 /* GGSS.h */,
				C6A8134D1E72AF3500C643D8 /* GGSS.m */,
			);
			path = RepoFile;
			sourceTree = "<group>";
		};
		C6A813AF1E7630DC00C643D8 /* Test */ = {
			isa = PBXGroup;
			children = (
				C6A813B01E7630E500C643D8 /* TTTT.h */,
				C6A813B11E7630E500C643D8 /* TTTT.m */,
			);
			path = Test;
			sourceTree = "<group>";
		};
/* End PBXGroup section */

/* Begin PBXNativeTarget section */
		C6A8130A1E7274EE00C643D8 /* PodRpoTest */ = {
			isa = PBXNativeTarget;
			buildConfigurationList = C6A813221E7274EE00C643D8 /* Build configuration list for PBXNativeTarget "PodRpoTest" */;
			buildPhases = (
				C6A813071E7274EE00C643D8 /* Sources */,
				C6A813081E7274EE00C643D8 /* Frameworks */,
				C6A813091E7274EE00C643D8 /* Resources */,
			);
			buildRules = (
			);
			dependencies = (
			);
			name = PodRpoTest;
			productName = PodRpoTest;
			productReference = C6A8130B1E7274EE00C643D8 /* PodRpoTest.app */;
			productType = "com.apple.product-type.application";
		};
/* End PBXNativeTarget section */

/* Begin PBXProject section */
		C6A813031E7274EE00C643D8 /* Project object */ = {
			isa = PBXProject;
			attributes = {
				LastUpgradeCheck = 0820;
				ORGANIZATIONNAME = SCH;
				TargetAttributes = {
					C6A8130A1E7274EE00C643D8 = {
						CreatedOnToolsVersion = 8.2.1;
						ProvisioningStyle = Automatic;
					};
				};
			};
			buildConfigurationList = C6A813061E7274EE00C643D8 /* Build configuration list for PBXProject "PodRpoTest" */;
			compatibilityVersion = "Xcode 3.2";
			developmentRegion = English;
			hasScannedForEncodings = 0;
			knownRegions = (
				en,
				Base,
			);
			mainGroup = C6A813021E7274EE00C643D8;
			productRefGroup = C6A8130C1E7274EE00C643D8 /* Products */;
			projectDirPath = "";
			projectRoot = "";
			targets = (
				C6A8130A1E7274EE00C643D8 /* PodRpoTest */,
			);
		};
/* End PBXProject section */

/* Begin PBXResourcesBuildPhase section */
		C6A813091E7274EE00C643D8 /* Resources */ = {
			isa = PBXResourcesBuildPhase;
			buildActionMask = 2147483647;
			files = (
				C6A8131E1E7274EE00C643D8 /* LaunchScreen.storyboard in Resources */,
				C6A8131B1E7274EE00C643D8 /* Assets.xcassets in Resources */,
				C6A813191E7274EE00C643D8 /* Main.storyboard in Resources */,
			);
			runOnlyForDeploymentPostprocessing = 0;
		};
/* End PBXResourcesBuildPhase section */

/* Begin PBXSourcesBuildPhase section */
		C6A813071E7274EE00C643D8 /* Sources */ = {
			isa = PBXSourcesBuildPhase;
			buildActionMask = 2147483647;
			files = (
				C6A8134E1E72AF3500C643D8 /* GGSS.m in Sources */,
				C6A813161E7274EE00C643D8 /* ViewController.m in Sources */,
				C6A813131E7274EE00C643D8 /* AppDelegate.m in Sources */,
				C6A813B21E7630E500C643D8 /* TTTT.m in Sources */,
				C6A813101E7274EE00C643D8 /* main.m in Sources */,
				C6A813271E72750E00C643D8 /* HYView.m in Sources */,
			);
			runOnlyForDeploymentPostprocessing = 0;
		};
/* End PBXSourcesBuildPhase section */

/* Begin PBXVariantGroup section */
		C6A813171E7274EE00C643D8 /* Main.storyboard */ = {
			isa = PBXVariantGroup;
			children = (
				C6A813181E7274EE00C643D8 /* Base */,
			);
			name = Main.storyboard;
			sourceTree = "<group>";
		};
		C6A8131C1E7274EE00C643D8 /* LaunchScreen.storyboard */ = {
			isa = PBXVariantGroup;
			children = (
				C6A8131D1E7274EE00C643D8 /* Base */,
			);
			name = LaunchScreen.storyboard;
			sourceTree = "<group>";
		};
/* End PBXVariantGroup section */

/* Begin XCBuildConfiguration section */
		C6A813201E7274EE00C643D8 /* Debug */ = {
			isa = XCBuildConfiguration;
			buildSettings = {
				ALWAYS_SEARCH_USER_PATHS = NO;
				CLANG_ANALYZER_NONNULL = YES;
				CLANG_CXX_LANGUAGE_STANDARD = "gnu++0x";
				CLANG_CXX_LIBRARY = "libc++";
				CLANG_ENABLE_MODULES = YES;
				CLANG_ENABLE_OBJC_ARC = YES;
				CLANG_WARN_BOOL_CONVERSION = YES;
				CLANG_WARN_CONSTANT_CONVERSION = YES;
				CLANG_WARN_DIRECT_OBJC_ISA_USAGE = YES_ERROR;
				CLANG_WARN_DOCUMENTATION_COMMENTS = YES;
				CLANG_WARN_EMPTY_BODY = YES;
				CLANG_WARN_ENUM_CONVERSION = YES;
				CLANG_WARN_INFINITE_RECURSION = YES;
				CLANG_WARN_INT_CONVERSION = YES;
				CLANG_WARN_OBJC_ROOT_CLASS = YES_ERROR;
				CLANG_WARN_SUSPICIOUS_MOVE = YES;
				CLANG_WARN_UNREACHABLE_CODE = YES;
				CLANG_WARN__DUPLICATE_METHOD_MATCH = YES;
				"CODE_SIGN_IDENTITY[sdk=iphoneos*]" = "iPhone Developer";
				COPY_PHASE_STRIP = NO;
				DEBUG_INFORMATION_FORMAT = dwarf;
				ENABLE_STRICT_OBJC_MSGSEND = YES;
				ENABLE_TESTABILITY = YES;
				GCC_C_LANGUAGE_STANDARD = gnu99;
				GCC_DYNAMIC_NO_PIC = NO;
				GCC_NO_COMMON_BLOCKS = YES;
				GCC_OPTIMIZATION_LEVEL = 0;
				GCC_PREPROCESSOR_DEFINITIONS = (
					"DEBUG=1",
					"$(inherited)",
				);
				GCC_WARN_64_TO_32_BIT_CONVERSION = YES;
				GCC_WARN_ABOUT_RETURN_TYPE = YES_ERROR;
				GCC_WARN_UNDECLARED_SELECTOR = YES;
				GCC_WARN_UNINITIALIZED_AUTOS = YES_AGGRESSIVE;
				GCC_WARN_UNUSED_FUNCTION = YES;
				GCC_WARN_UNUSED_VARIABLE = YES;
				IPHONEOS_DEPLOYMENT_TARGET = 10.2;
				MTL_ENABLE_DEBUG_INFO = YES;
				ONLY_ACTIVE_ARCH = YES;
				SDKROOT = iphoneos;
			};
			name = Debug;
		};
		C6A813211E7274EE00C643D8 /* Release */ = {
			isa = XCBuildConfiguration;
			buildSettings = {
				ALWAYS_SEARCH_USER_PATHS = NO;
				CLANG_ANALYZER_NONNULL = YES;
				CLANG_CXX_LANGUAGE_STANDARD = "gnu++0x";
				CLANG_CXX_LIBRARY = "libc++";
				CLANG_ENABLE_MODULES = YES;
				CLANG_ENABLE_OBJC_ARC = YES;
				CLANG_WARN_BOOL_CONVERSION = YES;
				CLANG_WARN_CONSTANT_CONVERSION = YES;
				CLANG_WARN_DIRECT_OBJC_ISA_USAGE = YES_ERROR;
				CLANG_WARN_DOCUMENTATION_COMMENTS = YES;
				CLANG_WARN_EMPTY_BODY = YES;
				CLANG_WARN_ENUM_CONVERSION = YES;
				CLANG_WARN_INFINITE_RECURSION = YES;
				CLANG_WARN_INT_CONVERSION = YES;
				CLANG_WARN_OBJC_ROOT_CLASS = YES_ERROR;
				CLANG_WARN_SUSPICIOUS_MOVE = YES;
				CLANG_WARN_UNREACHABLE_CODE = YES;
				CLANG_WARN__DUPLICATE_METHOD_MATCH = YES;
				"CODE_SIGN_IDENTITY[sdk=iphoneos*]" = "iPhone Developer";
				COPY_PHASE_STRIP = NO;
				DEBUG_INFORMATION_FORMAT = "dwarf-with-dsym";
				ENABLE_NS_ASSERTIONS = NO;
				ENABLE_STRICT_OBJC_MSGSEND = YES;
				GCC_C_LANGUAGE_STANDARD = gnu99;
				GCC_NO_COMMON_BLOCKS = YES;
				GCC_WARN_64_TO_32_BIT_CONVERSION = YES;
				GCC_WARN_ABOUT_RETURN_TYPE = YES_ERROR;
				GCC_WARN_UNDECLARED_SELECTOR = YES;
				GCC_WARN_UNINITIALIZED_AUTOS = YES_AGGRESSIVE;
				GCC_WARN_UNUSED_FUNCTION = YES;
				GCC_WARN_UNUSED_VARIABLE = YES;
				IPHONEOS_DEPLOYMENT_TARGET = 10.2;
				MTL_ENABLE_DEBUG_INFO = NO;
				SDKROOT = iphoneos;
				VALIDATE_PRODUCT = YES;
			};
			name = Release;
		};
		C6A813231E7274EE00C643D8 /* Debug */ = {
			isa = XCBuildConfiguration;
			buildSettings = {
				ASSETCATALOG_COMPILER_APPICON_NAME = AppIcon;
				INFOPLIST_FILE = PodRpoTest/Info.plist;
				LD_RUNPATH_SEARCH_PATHS = "$(inherited) @executable_path/Frameworks";
				PRODUCT_BUNDLE_IDENTIFIER = henyinsitan.PodRpoTest;
				PRODUCT_NAME = "$(TARGET_NAME)";
			};
			name = Debug;
		};
		C6A813241E7274EE00C643D8 /* Release */ = {
			isa = XCBuildConfiguration;
			buildSettings = {
				ASSETCATALOG_COMPILER_APPICON_NAME = AppIcon;
				INFOPLIST_FILE = PodRpoTest/Info.plist;
				LD_RUNPATH_SEARCH_PATHS = "$(inherited) @executable_path/Frameworks";
				PRODUCT_BUNDLE_IDENTIFIER = henyinsitan.PodRpoTest;
				PRODUCT_NAME = "$(TARGET_NAME)";
			};
			name = Release;
		};
/* End XCBuildConfiguration section */

/* Begin XCConfigurationList section */
		C6A813061E7274EE00C643D8 /* Build configuration list for PBXProject "PodRpoTest" */ = {
			isa = XCConfigurationList;
			buildConfigurations = (
				C6A813201E7274EE00C643D8 /* Debug */,
				C6A813211E7274EE00C643D8 /* Release */,
			);
			defaultConfigurationIsVisible = 0;
			defaultConfigurationName = Release;
		};
		C6A813221E7274EE00C643D8 /* Build configuration list for PBXNativeTarget "PodRpoTest" */ = {
			isa = XCConfigurationList;
			buildConfigurations = (
				C6A813231E7274EE00C643D8 /* Debug */,
				C6A813241E7274EE00C643D8 /* Release */,
			);
			defaultConfigurationIsVisible = 0;
			defaultConfigurationName = Release;
		};
/* End XCConfigurationList section */
	};
	rootObject = C6A813031E7274EE00C643D8 /* Project object */;
}
